PODS:
  - Bolts (1.7.0):
    - Bolts/AppLinks (= 1.7.0)
    - Bolts/Tasks (= 1.7.0)
  - Bolts/AppLinks (1.7.0):
    - Bolts/Tasks
  - Bolts/Tasks (1.7.0)
  - FBSDKCoreKit (4.7.1):
    - Bolts (~> 1.1)
    - FBSDKCoreKit/arc (= 4.7.1)
    - FBSDKCoreKit/no-arc (= 4.7.1)
  - FBSDKCoreKit/arc (4.7.1):
    - Bolts (~> 1.1)
  - FBSDKCoreKit/no-arc (4.7.1):
    - Bolts (~> 1.1)
    - FBSDKCoreKit/arc
  - FBSDKLoginKit (4.7.1):
    - FBSDKCoreKit
  - FBSDKShareKit (4.7.1):
    - FBSDKCoreKit
  - VK-ios-sdk (1.3.17)

DEPENDENCIES:
  - FBSDKCoreKit (~> 4.7.1)
  - FBSDKLoginKit (~> 4.7.1)
  - FBSDKShareKit (~> 4.7.1)
  - VK-ios-sdk (~> 1.3.12)

SPEC CHECKSUMS:
  Bolts: a0058fa3b331c5a1e4402d534f2dae36dbff31e4
  FBSDKCoreKit: 9141b70960a37930850370495fe565f4a27ac141
  FBSDKLoginKit: c11ed3c2833472db3bb4a4aecf27af4a6f69b173
  FBSDKShareKit: 213adf63e073f41a346b0e7a689805880dc5150e
  VK-ios-sdk: 671b7bc84596da7040544eb848b3c71787906fbd

PODFILE CHECKSUM: 6b75f77bb5a1e55142dee8448b94624064b9086b

COCOAPODS: 1.0.0
