PODS:
  - SQUtils (0.0.4):
    - SQUtils/SQBehavior (= 0.0.4)
    - SQUtils/SQCategories (= 0.0.4)
    - SQUtils/SQEdgedCollection (= 0.0.4)
    - SQUtils/SQEndlessCollection (= 0.0.4)
    - SQUtils/SQKeyboard (= 0.0.4)
    - SQUtils/SQNews (= 0.0.4)
    - SQUtils/SQOnboarding (= 0.0.4)
    - SQUtils/SQPhotoPicker (= 0.0.4)
    - SQUtils/SQViews (= 0.0.4)
  - SQUtils/SQBehavior (0.0.4):
    - SQUtils/SQCategories
  - SQUtils/SQCategories (0.0.4)
  - SQUtils/SQEdgedCollection (0.0.4)
  - SQUtils/SQEndlessCollection (0.0.4)
  - SQUtils/SQKeyboard (0.0.4)
  - SQUtils/SQNews (0.0.4)
  - SQUtils/SQOnboarding (0.0.4)
  - SQUtils/SQPhotoPicker (0.0.4)
  - SQUtils/SQViews (0.0.4)

DEPENDENCIES:
  - SQUtils (from `..`)

EXTERNAL SOURCES:
  SQUtils:
    :path: ".."

SPEC CHECKSUMS:
  SQUtils: d833875f9f301114d94457e50f13b960079d07e7

PODFILE CHECKSUM: ed18cddd9d7aac42f7af36a6f3ddc1f79adc0621

COCOAPODS: 1.0.1
