PODS:
  - SQUtils (0.0.8):
    - SQUtils/SQBehavior (= 0.0.8)
    - SQUtils/SQCategories (= 0.0.8)
    - SQUtils/SQEdgedCollection (= 0.0.8)
    - SQUtils/SQEndlessCollection (= 0.0.8)
    - SQUtils/SQFileViewer (= 0.0.8)
    - SQUtils/SQKeyboard (= 0.0.8)
    - SQUtils/SQNews (= 0.0.8)
    - SQUtils/SQOnboarding (= 0.0.8)
    - SQUtils/SQPhotoPicker (= 0.0.8)
    - SQUtils/SQViews (= 0.0.8)
  - SQUtils/SQBehavior (0.0.8):
    - SQUtils/SQCategories
  - SQUtils/SQCategories (0.0.8)
  - SQUtils/SQEdgedCollection (0.0.8)
  - SQUtils/SQEndlessCollection (0.0.8)
  - SQUtils/SQFileViewer (0.0.8):
    - SQUtils/SQCategories
  - SQUtils/SQKeyboard (0.0.8)
  - SQUtils/SQNews (0.0.8)
  - SQUtils/SQOnboarding (0.0.8)
  - SQUtils/SQPhotoPicker (0.0.8)
  - SQUtils/SQViews (0.0.8)

DEPENDENCIES:
  - SQUtils (from `..`)

EXTERNAL SOURCES:
  SQUtils:
    :path: ".."

SPEC CHECKSUMS:
  SQUtils: 0fbcea3bc0df11c1c89a5ef336df41d40535b264

PODFILE CHECKSUM: ed18cddd9d7aac42f7af36a6f3ddc1f79adc0621

COCOAPODS: 1.0.1
